// !$*UTF8*$!
{
	archiveVersion = 1;
	classes = {
	};
	objectVersion = 46;
	objects = {

/* Begin PBXBuildFile section */
		F7C5CCD418764FCC009270BB /* Foundation.framework in Frameworks */ = {isa = PBXBuildFile; fileRef = F7C5CCD318764FCC009270BB /* Foundation.framework */; };
		F7C5CCD618764FCC009270BB /* CoreGraphics.framework in Frameworks */ = {isa = PBXBuildFile; fileRef = F7C5CCD518764FCC009270BB /* CoreGraphics.framework */; };
		F7C5CCD818764FCC009270BB /* UIKit.framework in Frameworks */ = {isa = PBXBuildFile; fileRef = F7C5CCD718764FCC009270BB /* UIKit.framework */; };
		F7C5CCDE18764FCC009270BB /* InfoPlist.strings in Resources */ = {isa = PBXBuildFile; fileRef = F7C5CCDC18764FCC009270BB /* InfoPlist.strings */; };
		F7C5CCE018764FCC009270BB /* main.m in Sources */ = {isa = PBXBuildFile; fileRef = F7C5CCDF18764FCC009270BB /* main.m */; };
		F7C5CCE418764FCC009270BB /* AppDelegate.m in Sources */ = {isa = PBXBuildFile; fileRef = F7C5CCE318764FCC009270BB /* AppDelegate.m */; };
		F7C5CCE718764FCC009270BB /* Main.storyboard in Resources */ = {isa = PBXBuildFile; fileRef = F7C5CCE518764FCC009270BB /* Main.storyboard */; };
		F7C5CCEA18764FCC009270BB /* ViewController.m in Sources */ = {isa = PBXBuildFile; fileRef = F7C5CCE918764FCC009270BB /* ViewController.m */; };
		F7C5CCEC18764FCC009270BB /* Images.xcassets in Resources */ = {isa = PBXBuildFile; fileRef = F7C5CCEB18764FCC009270BB /* Images.xcassets */; };
		F7C5CCF318764FCD009270BB /* XCTest.framework in Frameworks */ = {isa = PBXBuildFile; fileRef = F7C5CCF218764FCD009270BB /* XCTest.framework */; };
		F7C5CCF418764FCD009270BB /* Foundation.framework in Frameworks */ = {isa = PBXBuildFile; fileRef = F7C5CCD318764FCC009270BB /* Foundation.framework */; };
		F7C5CCF518764FCD009270BB /* UIKit.framework in Frameworks */ = {isa = PBXBuildFile; fileRef = F7C5CCD718764FCC009270BB /* UIKit.framework */; };
		F7C5CCFD18764FCD009270BB /* InfoPlist.strings in Resources */ = {isa = PBXBuildFile; fileRef = F7C5CCFB18764FCD009270BB /* InfoPlist.strings */; };
		F7C5CCFF18764FCD009270BB /* UIKitSubClassingTests.m in Sources */ = {isa = PBXBuildFile; fileRef = F7C5CCFE18764FCD009270BB /* UIKitSubClassingTests.m */; };
		F7C5CD0B18764FE7009270BB /* MintMixButton.m in Sources */ = {isa = PBXBuildFile; fileRef = F7C5CD0A18764FE7009270BB /* MintMixButton.m */; };
/* End PBXBuildFile section */

/* Begin PBXContainerItemProxy section */
		F7C5CCF618764FCD009270BB /* PBXContainerItemProxy */ = {
			isa = PBXContainerItemProxy;
			containerPortal = F7C5CCC818764FCC009270BB /* Project object */;
			proxyType = 1;
			remoteGlobalIDString = F7C5CCCF18764FCC009270BB;
			remoteInfo = UIKitSubClassing;
		};
/* End PBXContainerItemProxy section */

/* Begin PBXFileReference section */
		F7C5CCD018764FCC009270BB /* UIKitSubClassing.app */ = {isa = PBXFileReference; explicitFileType = wrapper.application; includeInIndex = 0; path = UIKitSubClassing.app; sourceTree = BUILT_PRODUCTS_DIR; };
		F7C5CCD318764FCC009270BB /* Foundation.framework */ = {isa = PBXFileReference; lastKnownFileType = wrapper.framework; name = Foundation.framework; path = System/Library/Frameworks/Foundation.framework; sourceTree = SDKROOT; };
		F7C5CCD518764FCC009270BB /* CoreGraphics.framework */ = {isa = PBXFileReference; lastKnownFileType = wrapper.framework; name = CoreGraphics.framework; path = System/Library/Frameworks/CoreGraphics.framework; sourceTree = SDKROOT; };
		F7C5CCD718764FCC009270BB /* UIKit.framework */ = {isa = PBXFileReference; lastKnownFileType = wrapper.framework; name = UIKit.framework; path = System/Library/Frameworks/UIKit.framework; sourceTree = SDKROOT; };
		F7C5CCDB18764FCC009270BB /* UIKitSubClassing-Info.plist */ = {isa = PBXFileReference; lastKnownFileType = text.plist.xml; path = "UIKitSubClassing-Info.plist"; sourceTree = "<group>"; };
		F7C5CCDD18764FCC009270BB /* en */ = {isa = PBXFileReference; lastKnownFileType = text.plist.strings; name = en; path = en.lproj/InfoPlist.strings; sourceTree = "<group>"; };
		F7C5CCDF18764FCC009270BB /* main.m */ = {isa = PBXFileReference; lastKnownFileType = sourcecode.c.objc; path = main.m; sourceTree = "<group>"; };
		F7C5CCE118764FCC009270BB /* UIKitSubClassing-Prefix.pch */ = {isa = PBXFileReference; lastKnownFileType = sourcecode.c.h; path = "UIKitSubClassing-Prefix.pch"; sourceTree = "<group>"; };
		F7C5CCE218764FCC009270BB /* AppDelegate.h */ = {isa = PBXFileReference; lastKnownFileType = sourcecode.c.h; path = AppDelegate.h; sourceTree = "<group>"; };
		F7C5CCE318764FCC009270BB /* AppDelegate.m */ = {isa = PBXFileReference; lastKnownFileType = sourcecode.c.objc; path = AppDelegate.m; sourceTree = "<group>"; };
		F7C5CCE618764FCC009270BB /* Base */ = {isa = PBXFileReference; lastKnownFileType = file.storyboard; name = Base; path = Base.lproj/Main.storyboard; sourceTree = "<group>"; };
		F7C5CCE818764FCC009270BB /* ViewController.h */ = {isa = PBXFileReference; lastKnownFileType = sourcecode.c.h; path = ViewController.h; sourceTree = "<group>"; };
		F7C5CCE918764FCC009270BB /* ViewController.m */ = {isa = PBXFileReference; lastKnownFileType = sourcecode.c.objc; path = ViewController.m; sourceTree = "<group>"; };
		F7C5CCEB18764FCC009270BB /* Images.xcassets */ = {isa = PBXFileReference; lastKnownFileType = folder.assetcatalog; path = Images.xcassets; sourceTree = "<group>"; };
		F7C5CCF118764FCD009270BB /* UIKitSubClassingTests.xctest */ = {isa = PBXFileReference; explicitFileType = wrapper.cfbundle; includeInIndex = 0; path = UIKitSubClassingTests.xctest; sourceTree = BUILT_PRODUCTS_DIR; };
		F7C5CCF218764FCD009270BB /* XCTest.framework */ = {isa = PBXFileReference; lastKnownFileType = wrapper.framework; name = XCTest.framework; path = Library/Frameworks/XCTest.framework; sourceTree = DEVELOPER_DIR; };
		F7C5CCFA18764FCD009270BB /* UIKitSubClassingTests-Info.plist */ = {isa = PBXFileReference; lastKnownFileType = text.plist.xml; path = "UIKitSubClassingTests-Info.plist"; sourceTree = "<group>"; };
		F7C5CCFC18764FCD009270BB /* en */ = {isa = PBXFileReference; lastKnownFileType = text.plist.strings; name = en; path = en.lproj/InfoPlist.strings; sourceTree = "<group>"; };
		F7C5CCFE18764FCD009270BB /* UIKitSubClassingTests.m */ = {isa = PBXFileReference; lastKnownFileType = sourcecode.c.objc; path = UIKitSubClassingTests.m; sourceTree = "<group>"; };
		F7C5CD0918764FE7009270BB /* MintMixButton.h */ = {isa = PBXFileReference; fileEncoding = 4; lastKnownFileType = sourcecode.c.h; path = MintMixButton.h; sourceTree = "<group>"; };
		F7C5CD0A18764FE7009270BB /* MintMixButton.m */ = {isa = PBXFileReference; fileEncoding = 4; lastKnownFileType = sourcecode.c.objc; path = MintMixButton.m; sourceTree = "<group>"; };
/* End PBXFileReference section */

/* Begin PBXFrameworksBuildPhase section */
		F7C5CCCD18764FCC009270BB /* Frameworks */ = {
			isa = PBXFrameworksBuildPhase;
			buildActionMask = 2147483647;
			files = (
				F7C5CCD618764FCC009270BB /* CoreGraphics.framework in Frameworks */,
				F7C5CCD818764FCC009270BB /* UIKit.framework in Frameworks */,
				F7C5CCD418764FCC009270BB /* Foundation.framework in Frameworks */,
			);
			runOnlyForDeploymentPostprocessing = 0;
		};
		F7C5CCEE18764FCD009270BB /* Frameworks */ = {
			isa = PBXFrameworksBuildPhase;
			buildActionMask = 2147483647;
			files = (
				F7C5CCF318764FCD009270BB /* XCTest.framework in Frameworks */,
				F7C5CCF518764FCD009270BB /* UIKit.framework in Frameworks */,
				F7C5CCF418764FCD009270BB /* Foundation.framework in Frameworks */,
			);
			runOnlyForDeploymentPostprocessing = 0;
		};
/* End PBXFrameworksBuildPhase section */

/* Begin PBXGroup section */
		F7C5CCC718764FCC009270BB = {
			isa = PBXGroup;
			children = (
				F7C5CD0818764FD8009270BB /* SRC */,
				F7C5CCD918764FCC009270BB /* UIKitSubClassing */,
				F7C5CCF818764FCD009270BB /* UIKitSubClassingTests */,
				F7C5CCD218764FCC009270BB /* Frameworks */,
				F7C5CCD118764FCC009270BB /* Products */,
			);
			sourceTree = "<group>";
		};
		F7C5CCD118764FCC009270BB /* Products */ = {
			isa = PBXGroup;
			children = (
				F7C5CCD018764FCC009270BB /* UIKitSubClassing.app */,
				F7C5CCF118764FCD009270BB /* UIKitSubClassingTests.xctest */,
			);
			name = Products;
			sourceTree = "<group>";
		};
		F7C5CCD218764FCC009270BB /* Frameworks */ = {
			isa = PBXGroup;
			children = (
				F7C5CCD318764FCC009270BB /* Foundation.framework */,
				F7C5CCD518764FCC009270BB /* CoreGraphics.framework */,
				F7C5CCD718764FCC009270BB /* UIKit.framework */,
				F7C5CCF218764FCD009270BB /* XCTest.framework */,
			);
			name = Frameworks;
			sourceTree = "<group>";
		};
		F7C5CCD918764FCC009270BB /* UIKitSubClassing */ = {
			isa = PBXGroup;
			children = (
				F7C5CCE218764FCC009270BB /* AppDelegate.h */,
				F7C5CCE318764FCC009270BB /* AppDelegate.m */,
				F7C5CCE518764FCC009270BB /* Main.storyboard */,
				F7C5CCE818764FCC009270BB /* ViewController.h */,
				F7C5CCE918764FCC009270BB /* ViewController.m */,
				F7C5CCEB18764FCC009270BB /* Images.xcassets */,
				F7C5CCDA18764FCC009270BB /* Supporting Files */,
			);
			path = UIKitSubClassing;
			sourceTree = "<group>";
		};
		F7C5CCDA18764FCC009270BB /* Supporting Files */ = {
			isa = PBXGroup;
			children = (
				F7C5CCDB18764FCC009270BB /* UIKitSubClassing-Info.plist */,
				F7C5CCDC18764FCC009270BB /* InfoPlist.strings */,
				F7C5CCDF18764FCC009270BB /* main.m */,
				F7C5CCE118764FCC009270BB /* UIKitSubClassing-Prefix.pch */,
			);
			name = "Supporting Files";
			sourceTree = "<group>";
		};
		F7C5CCF818764FCD009270BB /* UIKitSubClassingTests */ = {
			isa = PBXGroup;
			children = (
				F7C5CCFE18764FCD009270BB /* UIKitSubClassingTests.m */,
				F7C5CCF918764FCD009270BB /* Supporting Files */,
			);
			path = UIKitSubClassingTests;
			sourceTree = "<group>";
		};
		F7C5CCF918764FCD009270BB /* Supporting Files */ = {
			isa = PBXGroup;
			children = (
				F7C5CCFA18764FCD009270BB /* UIKitSubClassingTests-Info.plist */,
				F7C5CCFB18764FCD009270BB /* InfoPlist.strings */,
			);
			name = "Supporting Files";
			sourceTree = "<group>";
		};
		F7C5CD0818764FD8009270BB /* SRC */ = {
			isa = PBXGroup;
			children = (
				F7C5CD0918764FE7009270BB /* MintMixButton.h */,
				F7C5CD0A18764FE7009270BB /* MintMixButton.m */,
			);
			name = SRC;
			sourceTree = "<group>";
		};
/* End PBXGroup section */

/* Begin PBXNativeTarget section */
		F7C5CCCF18764FCC009270BB /* UIKitSubClassing */ = {
			isa = PBXNativeTarget;
			buildConfigurationList = F7C5CD0218764FCD009270BB /* Build configuration list for PBXNativeTarget "UIKitSubClassing" */;
			buildPhases = (
				F7C5CCCC18764FCC009270BB /* Sources */,
				F7C5CCCD18764FCC009270BB /* Frameworks */,
				F7C5CCCE18764FCC009270BB /* Resources */,
			);
			buildRules = (
			);
			dependencies = (
			);
			name = UIKitSubClassing;
			productName = UIKitSubClassing;
			productReference = F7C5CCD018764FCC009270BB /* UIKitSubClassing.app */;
			productType = "com.apple.product-type.application";
		};
		F7C5CCF018764FCD009270BB /* UIKitSubClassingTests */ = {
			isa = PBXNativeTarget;
			buildConfigurationList = F7C5CD0518764FCD009270BB /* Build configuration list for PBXNativeTarget "UIKitSubClassingTests" */;
			buildPhases = (
				F7C5CCED18764FCD009270BB /* Sources */,
				F7C5CCEE18764FCD009270BB /* Frameworks */,
				F7C5CCEF18764FCD009270BB /* Resources */,
			);
			buildRules = (
			);
			dependencies = (
				F7C5CCF718764FCD009270BB /* PBXTargetDependency */,
			);
			name = UIKitSubClassingTests;
			productName = UIKitSubClassingTests;
			productReference = F7C5CCF118764FCD009270BB /* UIKitSubClassingTests.xctest */;
			productType = "com.apple.product-type.bundle.unit-test";
		};
/* End PBXNativeTarget section */

/* Begin PBXProject section */
		F7C5CCC818764FCC009270BB /* Project object */ = {
			isa = PBXProject;
			attributes = {
				LastUpgradeCheck = 0500;
				ORGANIZATIONNAME = soleaf;
				TargetAttributes = {
					F7C5CCF018764FCD009270BB = {
						TestTargetID = F7C5CCCF18764FCC009270BB;
					};
				};
			};
			buildConfigurationList = F7C5CCCB18764FCC009270BB /* Build configuration list for PBXProject "UIKitSubClassing" */;
			compatibilityVersion = "Xcode 3.2";
			developmentRegion = English;
			hasScannedForEncodings = 0;
			knownRegions = (
				en,
				Base,
			);
			mainGroup = F7C5CCC718764FCC009270BB;
			productRefGroup = F7C5CCD118764FCC009270BB /* Products */;
			projectDirPath = "";
			projectRoot = "";
			targets = (
				F7C5CCCF18764FCC009270BB /* UIKitSubClassing */,
				F7C5CCF018764FCD009270BB /* UIKitSubClassingTests */,
			);
		};
/* End PBXProject section */

/* Begin PBXResourcesBuildPhase section */
		F7C5CCCE18764FCC009270BB /* Resources */ = {
			isa = PBXResourcesBuildPhase;
			buildActionMask = 2147483647;
			files = (
				F7C5CCEC18764FCC009270BB /* Images.xcassets in Resources */,
				F7C5CCDE18764FCC009270BB /* InfoPlist.strings in Resources */,
				F7C5CCE718764FCC009270BB /* Main.storyboard in Resources */,
			);
			runOnlyForDeploymentPostprocessing = 0;
		};
		F7C5CCEF18764FCD009270BB /* Resources */ = {
			isa = PBXResourcesBuildPhase;
			buildActionMask = 2147483647;
			files = (
				F7C5CCFD18764FCD009270BB /* InfoPlist.strings in Resources */,
			);
			runOnlyForDeploymentPostprocessing = 0;
		};
/* End PBXResourcesBuildPhase section */

/* Begin PBXSourcesBuildPhase section */
		F7C5CCCC18764FCC009270BB /* Sources */ = {
			isa = PBXSourcesBuildPhase;
			buildActionMask = 2147483647;
			files = (
				F7C5CD0B18764FE7009270BB /* MintMixButton.m in Sources */,
				F7C5CCEA18764FCC009270BB /* ViewController.m in Sources */,
				F7C5CCE418764FCC009270BB /* AppDelegate.m in Sources */,
				F7C5CCE018764FCC009270BB /* main.m in Sources */,
			);
			runOnlyForDeploymentPostprocessing = 0;
		};
		F7C5CCED18764FCD009270BB /* Sources */ = {
			isa = PBXSourcesBuildPhase;
			buildActionMask = 2147483647;
			files = (
				F7C5CCFF18764FCD009270BB /* UIKitSubClassingTests.m in Sources */,
			);
			runOnlyForDeploymentPostprocessing = 0;
		};
/* End PBXSourcesBuildPhase section */

/* Begin PBXTargetDependency section */
		F7C5CCF718764FCD009270BB /* PBXTargetDependency */ = {
			isa = PBXTargetDependency;
			target = F7C5CCCF18764FCC009270BB /* UIKitSubClassing */;
			targetProxy = F7C5CCF618764FCD009270BB /* PBXContainerItemProxy */;
		};
/* End PBXTargetDependency section */

/* Begin PBXVariantGroup section */
		F7C5CCDC18764FCC009270BB /* InfoPlist.strings */ = {
			isa = PBXVariantGroup;
			children = (
				F7C5CCDD18764FCC009270BB /* en */,
			);
			name = InfoPlist.strings;
			sourceTree = "<group>";
		};
		F7C5CCE518764FCC009270BB /* Main.storyboard */ = {
			isa = PBXVariantGroup;
			children = (
				F7C5CCE618764FCC009270BB /* Base */,
			);
			name = Main.storyboard;
			sourceTree = "<group>";
		};
		F7C5CCFB18764FCD009270BB /* InfoPlist.strings */ = {
			isa = PBXVariantGroup;
			children = (
				F7C5CCFC18764FCD009270BB /* en */,
			);
			name = InfoPlist.strings;
			sourceTree = "<group>";
		};
/* End PBXVariantGroup section */

/* Begin XCBuildConfiguration section */
		F7C5CD0018764FCD009270BB /* Debug */ = {
			isa = XCBuildConfiguration;
			buildSettings = {
				ALWAYS_SEARCH_USER_PATHS = NO;
				ARCHS = "$(ARCHS_STANDARD_INCLUDING_64_BIT)";
				CLANG_CXX_LANGUAGE_STANDARD = "gnu++0x";
				CLANG_CXX_LIBRARY = "libc++";
				CLANG_ENABLE_MODULES = YES;
				CLANG_ENABLE_OBJC_ARC = YES;
				CLANG_WARN_BOOL_CONVERSION = YES;
				CLANG_WARN_CONSTANT_CONVERSION = YES;
				CLANG_WARN_DIRECT_OBJC_ISA_USAGE = YES_ERROR;
				CLANG_WARN_EMPTY_BODY = YES;
				CLANG_WARN_ENUM_CONVERSION = YES;
				CLANG_WARN_INT_CONVERSION = YES;
				CLANG_WARN_OBJC_ROOT_CLASS = YES_ERROR;
				CLANG_WARN__DUPLICATE_METHOD_MATCH = YES;
				"CODE_SIGN_IDENTITY[sdk=iphoneos*]" = "iPhone Developer";
				COPY_PHASE_STRIP = NO;
				GCC_C_LANGUAGE_STANDARD = gnu99;
				GCC_DYNAMIC_NO_PIC = NO;
				GCC_OPTIMIZATION_LEVEL = 0;
				GCC_PREPROCESSOR_DEFINITIONS = (
					"DEBUG=1",
					"$(inherited)",
				);
				GCC_SYMBOLS_PRIVATE_EXTERN = NO;
				GCC_WARN_64_TO_32_BIT_CONVERSION = YES;
				GCC_WARN_ABOUT_RETURN_TYPE = YES_ERROR;
				GCC_WARN_UNDECLARED_SELECTOR = YES;
				GCC_WARN_UNINITIALIZED_AUTOS = YES;
				GCC_WARN_UNUSED_FUNCTION = YES;
				GCC_WARN_UNUSED_VARIABLE = YES;
				IPHONEOS_DEPLOYMENT_TARGET = 7.0;
				ONLY_ACTIVE_ARCH = YES;
				SDKROOT = iphoneos;
			};
			name = Debug;
		};
		F7C5CD0118764FCD009270BB /* Release */ = {
			isa = XCBuildConfiguration;
			buildSettings = {
				ALWAYS_SEARCH_USER_PATHS = NO;
				ARCHS = "$(ARCHS_STANDARD_INCLUDING_64_BIT)";
				CLANG_CXX_LANGUAGE_STANDARD = "gnu++0x";
				CLANG_CXX_LIBRARY = "libc++";
				CLANG_ENABLE_MODULES = YES;
				CLANG_ENABLE_OBJC_ARC = YES;
				CLANG_WARN_BOOL_CONVERSION = YES;
				CLANG_WARN_CONSTANT_CONVERSION = YES;
				CLANG_WARN_DIRECT_OBJC_ISA_USAGE = YES_ERROR;
				CLANG_WARN_EMPTY_BODY = YES;
				CLANG_WARN_ENUM_CONVERSION = YES;
				CLANG_WARN_INT_CONVERSION = YES;
				CLANG_WARN_OBJC_ROOT_CLASS = YES_ERROR;
				CLANG_WARN__DUPLICATE_METHOD_MATCH = YES;
				"CODE_SIGN_IDENTITY[sdk=iphoneos*]" = "iPhone Developer";
				COPY_PHASE_STRIP = YES;
				ENABLE_NS_ASSERTIONS = NO;
				GCC_C_LANGUAGE_STANDARD = gnu99;
				GCC_WARN_64_TO_32_BIT_CONVERSION = YES;
				GCC_WARN_ABOUT_RETURN_TYPE = YES_ERROR;
				GCC_WARN_UNDECLARED_SELECTOR = YES;
				GCC_WARN_UNINITIALIZED_AUTOS = YES;
				GCC_WARN_UNUSED_FUNCTION = YES;
				GCC_WARN_UNUSED_VARIABLE = YES;
				IPHONEOS_DEPLOYMENT_TARGET = 7.0;
				SDKROOT = iphoneos;
				VALIDATE_PRODUCT = YES;
			};
			name = Release;
		};
		F7C5CD0318764FCD009270BB /* Debug */ = {
			isa = XCBuildConfiguration;
			buildSettings = {
				ASSETCATALOG_COMPILER_APPICON_NAME = AppIcon;
				ASSETCATALOG_COMPILER_LAUNCHIMAGE_NAME = LaunchImage;
				GCC_PRECOMPILE_PREFIX_HEADER = YES;
				GCC_PREFIX_HEADER = "UIKitSubClassing/UIKitSubClassing-Prefix.pch";
				INFOPLIST_FILE = "UIKitSubClassing/UIKitSubClassing-Info.plist";
				PRODUCT_NAME = "$(TARGET_NAME)";
				WRAPPER_EXTENSION = app;
			};
			name = Debug;
		};
		F7C5CD0418764FCD009270BB /* Release */ = {
			isa = XCBuildConfiguration;
			buildSettings = {
				ASSETCATALOG_COMPILER_APPICON_NAME = AppIcon;
				ASSETCATALOG_COMPILER_LAUNCHIMAGE_NAME = LaunchImage;
				GCC_PRECOMPILE_PREFIX_HEADER = YES;
				GCC_PREFIX_HEADER = "UIKitSubClassing/UIKitSubClassing-Prefix.pch";
				INFOPLIST_FILE = "UIKitSubClassing/UIKitSubClassing-Info.plist";
				PRODUCT_NAME = "$(TARGET_NAME)";
				WRAPPER_EXTENSION = app;
			};
			name = Release;
		};
		F7C5CD0618764FCD009270BB /* Debug */ = {
			isa = XCBuildConfiguration;
			buildSettings = {
				ARCHS = "$(ARCHS_STANDARD_INCLUDING_64_BIT)";
				BUNDLE_LOADER = "$(BUILT_PRODUCTS_DIR)/UIKitSubClassing.app/UIKitSubClassing";
				FRAMEWORK_SEARCH_PATHS = (
					"$(SDKROOT)/Developer/Library/Frameworks",
					"$(inherited)",
					"$(DEVELOPER_FRAMEWORKS_DIR)",
				);
				GCC_PRECOMPILE_PREFIX_HEADER = YES;
				GCC_PREFIX_HEADER = "UIKitSubClassing/UIKitSubClassing-Prefix.pch";
				GCC_PREPROCESSOR_DEFINITIONS = (
					"DEBUG=1",
					"$(inherited)",
				);
				INFOPLIST_FILE = "UIKitSubClassingTests/UIKitSubClassingTests-Info.plist";
				PRODUCT_NAME = "$(TARGET_NAME)";
				TEST_HOST = "$(BUNDLE_LOADER)";
				WRAPPER_EXTENSION = xctest;
			};
			name = Debug;
		};
		F7C5CD0718764FCD009270BB /* Release */ = {
			isa = XCBuildConfiguration;
			buildSettings = {
				ARCHS = "$(ARCHS_STANDARD_INCLUDING_64_BIT)";
				BUNDLE_LOADER = "$(BUILT_PRODUCTS_DIR)/UIKitSubClassing.app/UIKitSubClassing";
				FRAMEWORK_SEARCH_PATHS = (
					"$(SDKROOT)/Developer/Library/Frameworks",
					"$(inherited)",
					"$(DEVELOPER_FRAMEWORKS_DIR)",
				);
				GCC_PRECOMPILE_PREFIX_HEADER = YES;
				GCC_PREFIX_HEADER = "UIKitSubClassing/UIKitSubClassing-Prefix.pch";
				INFOPLIST_FILE = "UIKitSubClassingTests/UIKitSubClassingTests-Info.plist";
				PRODUCT_NAME = "$(TARGET_NAME)";
				TEST_HOST = "$(BUNDLE_LOADER)";
				WRAPPER_EXTENSION = xctest;
			};
			name = Release;
		};
/* End XCBuildConfiguration section */

/* Begin XCConfigurationList section */
		F7C5CCCB18764FCC009270BB /* Build configuration list for PBXProject "UIKitSubClassing" */ = {
			isa = XCConfigurationList;
			buildConfigurations = (
				F7C5CD0018764FCD009270BB /* Debug */,
				F7C5CD0118764FCD009270BB /* Release */,
			);
			defaultConfigurationIsVisible = 0;
			defaultConfigurationName = Release;
		};
		F7C5CD0218764FCD009270BB /* Build configuration list for PBXNativeTarget "UIKitSubClassing" */ = {
			isa = XCConfigurationList;
			buildConfigurations = (
				F7C5CD0318764FCD009270BB /* Debug */,
				F7C5CD0418764FCD009270BB /* Release */,
			);
			defaultConfigurationIsVisible = 0;
		};
		F7C5CD0518764FCD009270BB /* Build configuration list for PBXNativeTarget "UIKitSubClassingTests" */ = {
			isa = XCConfigurationList;
			buildConfigurations = (
				F7C5CD0618764FCD009270BB /* Debug */,
				F7C5CD0718764FCD009270BB /* Release */,
			);
			defaultConfigurationIsVisible = 0;
		};
/* End XCConfigurationList section */
	};
	rootObject = F7C5CCC818764FCC009270BB /* Project object */;
}
